
Microsoft Visual Studio Solution File, Format Version 12.00
# Visual Studio Version 17
VisualStudioVersion = 17.8.34316.72
MinimumVisualStudioVersion = 10.0.40219.1
Project("{FAE04EC0-301F-11D3-BF4B-00C04F79EFBC}") = "Matrix", "Matrix\Matrix.csproj", "{4437F28B-B743-4B38-8844-0633F1FDCBC7}"
EndProject
Global
	GlobalSection(SolutionConfigurationPlatforms) = preSolution
		Debug|Any CPU = Debug|Any CPU
		Release|Any CPU = Release|Any CPU
	EndGlobalSection
	GlobalSection(ProjectConfigurationPlatforms) = postSolution
		{4437F28B-B743-4B38-8844-0633F1FDCBC7}.Debug|Any CPU.ActiveCfg = Debug|Any CPU
		{4437F28B-B743-4B38-8844-0633F1FDCBC7}.Debug|Any CPU.Build.0 = Debug|Any CPU
		{4437F28B-B743-4B38-8844-0633F1FDCBC7}.Release|Any CPU.ActiveCfg = Release|Any CPU
		{4437F28B-B743-4B38-8844-0633F1FDCBC7}.Release|Any CPU.Build.0 = Release|Any CPU
	EndGlobalSection
	GlobalSection(SolutionProperties) = preSolution
		HideSolutionNode = FALSE
	EndGlobalSection
	GlobalSection(ExtensibilityGlobals) = postSolution
		SolutionGuid = {1C8DCC3D-9806-45DD-9FD2-A60FCC6BBA6E}
	EndGlobalSection
EndGlobal
