
Microsoft Visual Studio Solution File, Format Version 12.00
# Visual Studio Version 17
VisualStudioVersion = 17.8.34330.188
MinimumVisualStudioVersion = 10.0.40219.1
Project("{FAE04EC0-301F-11D3-BF4B-00C04F79EFBC}") = "PrimaryConstructor", "PrimaryConstructor.csproj", "{89194B2E-D31D-48FA-B4F9-B9B78239880B}"
EndProject
Global
	GlobalSection(SolutionConfigurationPlatforms) = preSolution
		Debug|Any CPU = Debug|Any CPU
		Release|Any CPU = Release|Any CPU
	EndGlobalSection
	GlobalSection(ProjectConfigurationPlatforms) = postSolution
		{89194B2E-D31D-48FA-B4F9-B9B78239880B}.Debug|Any CPU.ActiveCfg = Debug|Any CPU
		{89194B2E-D31D-48FA-B4F9-B9B78239880B}.Debug|Any CPU.Build.0 = Debug|Any CPU
		{89194B2E-D31D-48FA-B4F9-B9B78239880B}.Release|Any CPU.ActiveCfg = Release|Any CPU
		{89194B2E-D31D-48FA-B4F9-B9B78239880B}.Release|Any CPU.Build.0 = Release|Any CPU
	EndGlobalSection
	GlobalSection(SolutionProperties) = preSolution
		HideSolutionNode = FALSE
	EndGlobalSection
	GlobalSection(ExtensibilityGlobals) = postSolution
		SolutionGuid = {172FD148-C398-4A54-AD01-C5A0FC749E03}
	EndGlobalSection
EndGlobal
