
Microsoft Visual Studio Solution File, Format Version 12.00
# Visual Studio Version 17
VisualStudioVersion = 17.5.33516.290
MinimumVisualStudioVersion = 10.0.40219.1
Project("{FAE04EC0-301F-11D3-BF4B-00C04F79EFBC}") = "Library", "Library\Library.csproj", "{29762E19-5208-456F-A425-6140BE227547}"
EndProject
Project("{FAE04EC0-301F-11D3-BF4B-00C04F79EFBC}") = "Matrix", "Matrix\Matrix.csproj", "{C2177978-25A0-4AFC-A194-712B5A2D80D3}"
EndProject
Global
	GlobalSection(SolutionConfigurationPlatforms) = preSolution
		Debug|Any CPU = Debug|Any CPU
		Release|Any CPU = Release|Any CPU
	EndGlobalSection
	GlobalSection(ProjectConfigurationPlatforms) = postSolution
		{29762E19-5208-456F-A425-6140BE227547}.Debug|Any CPU.ActiveCfg = Debug|Any CPU
		{29762E19-5208-456F-A425-6140BE227547}.Debug|Any CPU.Build.0 = Debug|Any CPU
		{29762E19-5208-456F-A425-6140BE227547}.Release|Any CPU.ActiveCfg = Release|Any CPU
		{29762E19-5208-456F-A425-6140BE227547}.Release|Any CPU.Build.0 = Release|Any CPU
		{C2177978-25A0-4AFC-A194-712B5A2D80D3}.Debug|Any CPU.ActiveCfg = Debug|Any CPU
		{C2177978-25A0-4AFC-A194-712B5A2D80D3}.Debug|Any CPU.Build.0 = Debug|Any CPU
		{C2177978-25A0-4AFC-A194-712B5A2D80D3}.Release|Any CPU.ActiveCfg = Release|Any CPU
		{C2177978-25A0-4AFC-A194-712B5A2D80D3}.Release|Any CPU.Build.0 = Release|Any CPU
	EndGlobalSection
	GlobalSection(SolutionProperties) = preSolution
		HideSolutionNode = FALSE
	EndGlobalSection
	GlobalSection(ExtensibilityGlobals) = postSolution
		SolutionGuid = {0724491E-89AD-43DC-A9C6-FEFFDA8295FA}
	EndGlobalSection
EndGlobal
