
Microsoft Visual Studio Solution File, Format Version 12.00
# Visual Studio Version 17
VisualStudioVersion = 17.7.34024.191
MinimumVisualStudioVersion = 10.0.40219.1
Project("{FAE04EC0-301F-11D3-BF4B-00C04F79EFBC}") = "Matrix", "Matrix\Matrix.csproj", "{6C1430B5-505D-473A-AFA3-0FA0D99F2E80}"
EndProject
Global
	GlobalSection(SolutionConfigurationPlatforms) = preSolution
		Debug|Any CPU = Debug|Any CPU
		Release|Any CPU = Release|Any CPU
	EndGlobalSection
	GlobalSection(ProjectConfigurationPlatforms) = postSolution
		{6C1430B5-505D-473A-AFA3-0FA0D99F2E80}.Debug|Any CPU.ActiveCfg = Debug|Any CPU
		{6C1430B5-505D-473A-AFA3-0FA0D99F2E80}.Debug|Any CPU.Build.0 = Debug|Any CPU
		{6C1430B5-505D-473A-AFA3-0FA0D99F2E80}.Release|Any CPU.ActiveCfg = Release|Any CPU
		{6C1430B5-505D-473A-AFA3-0FA0D99F2E80}.Release|Any CPU.Build.0 = Release|Any CPU
	EndGlobalSection
	GlobalSection(SolutionProperties) = preSolution
		HideSolutionNode = FALSE
	EndGlobalSection
	GlobalSection(ExtensibilityGlobals) = postSolution
		SolutionGuid = {3DD40014-3FD2-4010-BE01-34425EE238D5}
	EndGlobalSection
EndGlobal
