
Microsoft Visual Studio Solution File, Format Version 12.00
# Visual Studio Version 17
VisualStudioVersion = 17.4.33213.308
MinimumVisualStudioVersion = 10.0.40219.1
Project("{FAE04EC0-301F-11D3-BF4B-00C04F79EFBC}") = "SqlServerUI", "SqlServerUI\SqlServerUI.csproj", "{1767A6F2-75B7-4409-A921-121FAF47A820}"
EndProject
Project("{FAE04EC0-301F-11D3-BF4B-00C04F79EFBC}") = "DataAccessLibrary", "DataAccessLibrary\DataAccessLibrary.csproj", "{0332B0AE-3532-4E8D-85FE-50F59DCE490B}"
EndProject
Project("{00D1A9C2-B5F0-4AF3-8072-F6C62B433612}") = "SqlContactsDB", "SqlContactsDB\SqlContactsDB.sqlproj", "{002A3852-A395-443F-B7B7-5D6058E47243}"
EndProject
Global
	GlobalSection(SolutionConfigurationPlatforms) = preSolution
		Debug|Any CPU = Debug|Any CPU
		Release|Any CPU = Release|Any CPU
	EndGlobalSection
	GlobalSection(ProjectConfigurationPlatforms) = postSolution
		{1767A6F2-75B7-4409-A921-121FAF47A820}.Debug|Any CPU.ActiveCfg = Debug|Any CPU
		{1767A6F2-75B7-4409-A921-121FAF47A820}.Debug|Any CPU.Build.0 = Debug|Any CPU
		{1767A6F2-75B7-4409-A921-121FAF47A820}.Release|Any CPU.ActiveCfg = Release|Any CPU
		{1767A6F2-75B7-4409-A921-121FAF47A820}.Release|Any CPU.Build.0 = Release|Any CPU
		{0332B0AE-3532-4E8D-85FE-50F59DCE490B}.Debug|Any CPU.ActiveCfg = Debug|Any CPU
		{0332B0AE-3532-4E8D-85FE-50F59DCE490B}.Debug|Any CPU.Build.0 = Debug|Any CPU
		{0332B0AE-3532-4E8D-85FE-50F59DCE490B}.Release|Any CPU.ActiveCfg = Release|Any CPU
		{0332B0AE-3532-4E8D-85FE-50F59DCE490B}.Release|Any CPU.Build.0 = Release|Any CPU
		{002A3852-A395-443F-B7B7-5D6058E47243}.Debug|Any CPU.ActiveCfg = Debug|Any CPU
		{002A3852-A395-443F-B7B7-5D6058E47243}.Debug|Any CPU.Build.0 = Debug|Any CPU
		{002A3852-A395-443F-B7B7-5D6058E47243}.Debug|Any CPU.Deploy.0 = Debug|Any CPU
		{002A3852-A395-443F-B7B7-5D6058E47243}.Release|Any CPU.ActiveCfg = Release|Any CPU
		{002A3852-A395-443F-B7B7-5D6058E47243}.Release|Any CPU.Build.0 = Release|Any CPU
		{002A3852-A395-443F-B7B7-5D6058E47243}.Release|Any CPU.Deploy.0 = Release|Any CPU
	EndGlobalSection
	GlobalSection(SolutionProperties) = preSolution
		HideSolutionNode = FALSE
	EndGlobalSection
	GlobalSection(ExtensibilityGlobals) = postSolution
		SolutionGuid = {C30D55CF-04FC-44D1-AAFE-49CBF9DE5918}
	EndGlobalSection
EndGlobal
