
Microsoft Visual Studio Solution File, Format Version 12.00
# Visual Studio Version 17
VisualStudioVersion = 17.5.33414.496
MinimumVisualStudioVersion = 10.0.40219.1
Project("{FAE04EC0-301F-11D3-BF4B-00C04F79EFBC}") = "String_Interpolation", "String_Interpolation.csproj", "{2DA14371-4F7A-4541-B8DE-A0AD86222F94}"
EndProject
Global
	GlobalSection(SolutionConfigurationPlatforms) = preSolution
		Debug|Any CPU = Debug|Any CPU
		Release|Any CPU = Release|Any CPU
	EndGlobalSection
	GlobalSection(ProjectConfigurationPlatforms) = postSolution
		{2DA14371-4F7A-4541-B8DE-A0AD86222F94}.Debug|Any CPU.ActiveCfg = Debug|Any CPU
		{2DA14371-4F7A-4541-B8DE-A0AD86222F94}.Debug|Any CPU.Build.0 = Debug|Any CPU
		{2DA14371-4F7A-4541-B8DE-A0AD86222F94}.Release|Any CPU.ActiveCfg = Release|Any CPU
		{2DA14371-4F7A-4541-B8DE-A0AD86222F94}.Release|Any CPU.Build.0 = Release|Any CPU
	EndGlobalSection
	GlobalSection(SolutionProperties) = preSolution
		HideSolutionNode = FALSE
	EndGlobalSection
	GlobalSection(ExtensibilityGlobals) = postSolution
		SolutionGuid = {D2B6F5C1-005E-4943-BBE7-C19E2E4A1885}
	EndGlobalSection
EndGlobal
