
Microsoft Visual Studio Solution File, Format Version 12.00
# Visual Studio Version 17
VisualStudioVersion = 17.6.33815.320
MinimumVisualStudioVersion = 10.0.40219.1
Project("{FAE04EC0-301F-11D3-BF4B-00C04F79EFBC}") = "Library", "Library\Library.csproj", "{E71C3B42-5D9F-415E-A115-E394603F0890}"
EndProject
Project("{FAE04EC0-301F-11D3-BF4B-00C04F79EFBC}") = "FPWDI", "FPWDI\FPWDI.csproj", "{C5B0F605-2562-4B31-8EE1-5A7A9A182594}"
EndProject
Project("{FAE04EC0-301F-11D3-BF4B-00C04F79EFBC}") = "FPWDI_Tests", "FPWDI_Tests\FPWDI_Tests.csproj", "{08B3B20D-8706-4B57-8A50-2288F79F888A}"
EndProject
Global
	GlobalSection(SolutionConfigurationPlatforms) = preSolution
		Debug|Any CPU = Debug|Any CPU
		Release|Any CPU = Release|Any CPU
	EndGlobalSection
	GlobalSection(ProjectConfigurationPlatforms) = postSolution
		{E71C3B42-5D9F-415E-A115-E394603F0890}.Debug|Any CPU.ActiveCfg = Debug|Any CPU
		{E71C3B42-5D9F-415E-A115-E394603F0890}.Debug|Any CPU.Build.0 = Debug|Any CPU
		{E71C3B42-5D9F-415E-A115-E394603F0890}.Release|Any CPU.ActiveCfg = Release|Any CPU
		{E71C3B42-5D9F-415E-A115-E394603F0890}.Release|Any CPU.Build.0 = Release|Any CPU
		{C5B0F605-2562-4B31-8EE1-5A7A9A182594}.Debug|Any CPU.ActiveCfg = Debug|Any CPU
		{C5B0F605-2562-4B31-8EE1-5A7A9A182594}.Debug|Any CPU.Build.0 = Debug|Any CPU
		{C5B0F605-2562-4B31-8EE1-5A7A9A182594}.Release|Any CPU.ActiveCfg = Release|Any CPU
		{C5B0F605-2562-4B31-8EE1-5A7A9A182594}.Release|Any CPU.Build.0 = Release|Any CPU
		{08B3B20D-8706-4B57-8A50-2288F79F888A}.Debug|Any CPU.ActiveCfg = Debug|Any CPU
		{08B3B20D-8706-4B57-8A50-2288F79F888A}.Debug|Any CPU.Build.0 = Debug|Any CPU
		{08B3B20D-8706-4B57-8A50-2288F79F888A}.Release|Any CPU.ActiveCfg = Release|Any CPU
		{08B3B20D-8706-4B57-8A50-2288F79F888A}.Release|Any CPU.Build.0 = Release|Any CPU
	EndGlobalSection
	GlobalSection(SolutionProperties) = preSolution
		HideSolutionNode = FALSE
	EndGlobalSection
	GlobalSection(ExtensibilityGlobals) = postSolution
		SolutionGuid = {9FD20997-C0DF-4303-A49B-7E9181D7BA2C}
	EndGlobalSection
EndGlobal
