
Microsoft Visual Studio Solution File, Format Version 12.00
# Visual Studio Version 17
VisualStudioVersion = 17.0.32112.339
MinimumVisualStudioVersion = 10.0.40219.1
Project("{9A19103F-16F7-4668-BE54-9A1E7A4F7556}") = "Console_App", "Console_App\Console_App.csproj", "{BB27FFE9-CD2B-4101-ABDC-0E1C3280BB55}"
EndProject
Project("{9A19103F-16F7-4668-BE54-9A1E7A4F7556}") = "Web_App", "Web_App\Web_App.csproj", "{D1956F16-EE1F-4B65-8A7B-A220E2896392}"
EndProject
Global
	GlobalSection(SolutionConfigurationPlatforms) = preSolution
		Debug|Any CPU = Debug|Any CPU
		Release|Any CPU = Release|Any CPU
	EndGlobalSection
	GlobalSection(ProjectConfigurationPlatforms) = postSolution
		{BB27FFE9-CD2B-4101-ABDC-0E1C3280BB55}.Debug|Any CPU.ActiveCfg = Debug|Any CPU
		{BB27FFE9-CD2B-4101-ABDC-0E1C3280BB55}.Debug|Any CPU.Build.0 = Debug|Any CPU
		{BB27FFE9-CD2B-4101-ABDC-0E1C3280BB55}.Release|Any CPU.ActiveCfg = Release|Any CPU
		{BB27FFE9-CD2B-4101-ABDC-0E1C3280BB55}.Release|Any CPU.Build.0 = Release|Any CPU
		{D1956F16-EE1F-4B65-8A7B-A220E2896392}.Debug|Any CPU.ActiveCfg = Debug|Any CPU
		{D1956F16-EE1F-4B65-8A7B-A220E2896392}.Debug|Any CPU.Build.0 = Debug|Any CPU
		{D1956F16-EE1F-4B65-8A7B-A220E2896392}.Release|Any CPU.ActiveCfg = Release|Any CPU
		{D1956F16-EE1F-4B65-8A7B-A220E2896392}.Release|Any CPU.Build.0 = Release|Any CPU
	EndGlobalSection
	GlobalSection(SolutionProperties) = preSolution
		HideSolutionNode = FALSE
	EndGlobalSection
	GlobalSection(ExtensibilityGlobals) = postSolution
		SolutionGuid = {AA3B6722-9A5E-455A-851B-3511677937F5}
	EndGlobalSection
EndGlobal
