
Microsoft Visual Studio Solution File, Format Version 12.00
# Visual Studio Version 16
VisualStudioVersion = 16.0.32228.343
MinimumVisualStudioVersion = 10.0.40219.1
Project("{FAE04EC0-301F-11D3-BF4B-00C04F79EFBC}") = "CSDebug", "CSDebug.csproj", "{483799DD-960D-4736-B0FA-0AA0D73CABFB}"
EndProject
Global
	GlobalSection(SolutionConfigurationPlatforms) = preSolution
		Debug|Any CPU = Debug|Any CPU
		Release|Any CPU = Release|Any CPU
	EndGlobalSection
	GlobalSection(ProjectConfigurationPlatforms) = postSolution
		{483799DD-960D-4736-B0FA-0AA0D73CABFB}.Debug|Any CPU.ActiveCfg = Debug|Any CPU
		{483799DD-960D-4736-B0FA-0AA0D73CABFB}.Debug|Any CPU.Build.0 = Debug|Any CPU
		{483799DD-960D-4736-B0FA-0AA0D73CABFB}.Release|Any CPU.ActiveCfg = Release|Any CPU
		{483799DD-960D-4736-B0FA-0AA0D73CABFB}.Release|Any CPU.Build.0 = Release|Any CPU
	EndGlobalSection
	GlobalSection(SolutionProperties) = preSolution
		HideSolutionNode = FALSE
	EndGlobalSection
	GlobalSection(ExtensibilityGlobals) = postSolution
		SolutionGuid = {C9CB1153-8EB6-4D1B-AE23-923DDDD4C452}
	EndGlobalSection
EndGlobal
